
Microsoft Visual Studio Solution File, Format Version 12.00
# Visual Studio Version 16
VisualStudioVersion = 16.0.31702.278
MinimumVisualStudioVersion = 10.0.40219.1
Project("{FAE04EC0-301F-11D3-BF4B-00C04F79EFBC}") = "task1.lang_with_go_to", "task1.lang_with_go_to.csproj", "{DC069CAC-23BC-4141-B5ED-D062D16B3375}"
EndProject
Global
	GlobalSection(SolutionConfigurationPlatforms) = preSolution
		Debug|Any CPU = Debug|Any CPU
		Release|Any CPU = Release|Any CPU
	EndGlobalSection
	GlobalSection(ProjectConfigurationPlatforms) = postSolution
		{DC069CAC-23BC-4141-B5ED-D062D16B3375}.Debug|Any CPU.ActiveCfg = Debug|Any CPU
		{DC069CAC-23BC-4141-B5ED-D062D16B3375}.Debug|Any CPU.Build.0 = Debug|Any CPU
		{DC069CAC-23BC-4141-B5ED-D062D16B3375}.Release|Any CPU.ActiveCfg = Release|Any CPU
		{DC069CAC-23BC-4141-B5ED-D062D16B3375}.Release|Any CPU.Build.0 = Release|Any CPU
	EndGlobalSection
	GlobalSection(SolutionProperties) = preSolution
		HideSolutionNode = FALSE
	EndGlobalSection
	GlobalSection(ExtensibilityGlobals) = postSolution
		SolutionGuid = {1F861D8A-1A02-4DE4-8337-0F9E8DDA6A11}
	EndGlobalSection
EndGlobal
